
Microsoft Visual Studio Solution File, Format Version 12.00
# Visual Studio Version 17
VisualStudioVersion = 17.5.002.0
MinimumVisualStudioVersion = 10.0.40219.1
Project("{9A19103F-16F7-4668-BE54-9A1E7A4F7556}") = "Library", "Library\Library.csproj", "{57B94B4F-2D92-48E1-9BEA-1A5D6543152D}"
EndProject
Project("{9A19103F-16F7-4668-BE54-9A1E7A4F7556}") = "SRP", "Program\SRP.csproj", "{F73C093D-FDFE-4305-8AEB-3A882A1CD122}"
EndProject
Global
	GlobalSection(SolutionConfigurationPlatforms) = preSolution
		Debug|Any CPU = Debug|Any CPU
		Release|Any CPU = Release|Any CPU
	EndGlobalSection
	GlobalSection(ProjectConfigurationPlatforms) = postSolution
		{57B94B4F-2D92-48E1-9BEA-1A5D6543152D}.Debug|Any CPU.ActiveCfg = Debug|Any CPU
		{57B94B4F-2D92-48E1-9BEA-1A5D6543152D}.Debug|Any CPU.Build.0 = Debug|Any CPU
		{57B94B4F-2D92-48E1-9BEA-1A5D6543152D}.Release|Any CPU.ActiveCfg = Release|Any CPU
		{57B94B4F-2D92-48E1-9BEA-1A5D6543152D}.Release|Any CPU.Build.0 = Release|Any CPU
		{F73C093D-FDFE-4305-8AEB-3A882A1CD122}.Debug|Any CPU.ActiveCfg = Debug|Any CPU
		{F73C093D-FDFE-4305-8AEB-3A882A1CD122}.Debug|Any CPU.Build.0 = Debug|Any CPU
		{F73C093D-FDFE-4305-8AEB-3A882A1CD122}.Release|Any CPU.ActiveCfg = Release|Any CPU
		{F73C093D-FDFE-4305-8AEB-3A882A1CD122}.Release|Any CPU.Build.0 = Release|Any CPU
	EndGlobalSection
	GlobalSection(SolutionProperties) = preSolution
		HideSolutionNode = FALSE
	EndGlobalSection
	GlobalSection(ExtensibilityGlobals) = postSolution
		SolutionGuid = {FEF4EA52-3FC7-488A-A8F8-770248CF02B9}
	EndGlobalSection
EndGlobal
